
Microsoft Visual Studio Solution File, Format Version 12.00
# Visual Studio 14
VisualStudioVersion = 14.0.25420.1
MinimumVisualStudioVersion = 10.0.40219.1
Project("{FAE04EC0-301F-11D3-BF4B-00C04F79EFBC}") = "ChatApp", "ChatApp\ChatApp.csproj", "{8B38117C-47F7-4D77-AB7D-23686D35E890}"
EndProject
Project("{FAE04EC0-301F-11D3-BF4B-00C04F79EFBC}") = "Server", "Server\Server.csproj", "{57061E8C-6C01-4A35-95BF-E566A677111A}"
EndProject
Project("{FAE04EC0-301F-11D3-BF4B-00C04F79EFBC}") = "Common", "Common\Common.csproj", "{76622019-A3B9-4FA9-B2C7-8469297706C5}"
EndProject
Project("{FAE04EC0-301F-11D3-BF4B-00C04F79EFBC}") = "MessageSingleton", "MessageSingleton\MessageSingleton.csproj", "{F980150D-2019-4FB0-BE9D-D5CC949316D8}"
EndProject
Project("{FAE04EC0-301F-11D3-BF4B-00C04F79EFBC}") = "UserSingleton", "UserSingleton\UserSingleton.csproj", "{B16B6C95-BF5A-4E0E-8519-7DA9D25C339E}"
EndProject
Project("{FAE04EC0-301F-11D3-BF4B-00C04F79EFBC}") = "ChatroomSingleton", "ChatroomSingleton\ChatroomSingleton.csproj", "{7D06776D-0746-457D-9C82-522F9B1C7E8C}"
EndProject
Global
	GlobalSection(SolutionConfigurationPlatforms) = preSolution
		Debug|Any CPU = Debug|Any CPU
		Release|Any CPU = Release|Any CPU
	EndGlobalSection
	GlobalSection(ProjectConfigurationPlatforms) = postSolution
		{8B38117C-47F7-4D77-AB7D-23686D35E890}.Debug|Any CPU.ActiveCfg = Debug|Any CPU
		{8B38117C-47F7-4D77-AB7D-23686D35E890}.Debug|Any CPU.Build.0 = Debug|Any CPU
		{8B38117C-47F7-4D77-AB7D-23686D35E890}.Release|Any CPU.ActiveCfg = Release|Any CPU
		{8B38117C-47F7-4D77-AB7D-23686D35E890}.Release|Any CPU.Build.0 = Release|Any CPU
		{57061E8C-6C01-4A35-95BF-E566A677111A}.Debug|Any CPU.ActiveCfg = Debug|Any CPU
		{57061E8C-6C01-4A35-95BF-E566A677111A}.Debug|Any CPU.Build.0 = Debug|Any CPU
		{57061E8C-6C01-4A35-95BF-E566A677111A}.Release|Any CPU.ActiveCfg = Release|Any CPU
		{57061E8C-6C01-4A35-95BF-E566A677111A}.Release|Any CPU.Build.0 = Release|Any CPU
		{76622019-A3B9-4FA9-B2C7-8469297706C5}.Debug|Any CPU.ActiveCfg = Debug|Any CPU
		{76622019-A3B9-4FA9-B2C7-8469297706C5}.Debug|Any CPU.Build.0 = Debug|Any CPU
		{76622019-A3B9-4FA9-B2C7-8469297706C5}.Release|Any CPU.ActiveCfg = Release|Any CPU
		{76622019-A3B9-4FA9-B2C7-8469297706C5}.Release|Any CPU.Build.0 = Release|Any CPU
		{F980150D-2019-4FB0-BE9D-D5CC949316D8}.Debug|Any CPU.ActiveCfg = Debug|Any CPU
		{F980150D-2019-4FB0-BE9D-D5CC949316D8}.Debug|Any CPU.Build.0 = Debug|Any CPU
		{F980150D-2019-4FB0-BE9D-D5CC949316D8}.Release|Any CPU.ActiveCfg = Release|Any CPU
		{F980150D-2019-4FB0-BE9D-D5CC949316D8}.Release|Any CPU.Build.0 = Release|Any CPU
		{B16B6C95-BF5A-4E0E-8519-7DA9D25C339E}.Debug|Any CPU.ActiveCfg = Debug|Any CPU
		{B16B6C95-BF5A-4E0E-8519-7DA9D25C339E}.Debug|Any CPU.Build.0 = Debug|Any CPU
		{B16B6C95-BF5A-4E0E-8519-7DA9D25C339E}.Release|Any CPU.ActiveCfg = Release|Any CPU
		{B16B6C95-BF5A-4E0E-8519-7DA9D25C339E}.Release|Any CPU.Build.0 = Release|Any CPU
		{7D06776D-0746-457D-9C82-522F9B1C7E8C}.Debug|Any CPU.ActiveCfg = Debug|Any CPU
		{7D06776D-0746-457D-9C82-522F9B1C7E8C}.Debug|Any CPU.Build.0 = Debug|Any CPU
		{7D06776D-0746-457D-9C82-522F9B1C7E8C}.Release|Any CPU.ActiveCfg = Release|Any CPU
		{7D06776D-0746-457D-9C82-522F9B1C7E8C}.Release|Any CPU.Build.0 = Release|Any CPU
	EndGlobalSection
	GlobalSection(SolutionProperties) = preSolution
		HideSolutionNode = FALSE
	EndGlobalSection
EndGlobal
