
Microsoft Visual Studio Solution File, Format Version 12.00
# Visual Studio 15
VisualStudioVersion = 15.0.26403.0
MinimumVisualStudioVersion = 10.0.40219.1
Project("{FAE04EC0-301F-11D3-BF4B-00C04F79EFBC}") = "LibrettoCommon", "LibrettoCommon\LibrettoCommon.csproj", "{CF64510B-78EC-4D27-BADF-65D9C392C7BB}"
EndProject
Project("{FAE04EC0-301F-11D3-BF4B-00C04F79EFBC}") = "LibrettoServer", "LibrettoServer\LibrettoServer.csproj", "{589A4746-AA39-4E0E-8AAA-433724869A66}"
EndProject
Project("{FAE04EC0-301F-11D3-BF4B-00C04F79EFBC}") = "LibrettoClient", "LibrettoClient\LibrettoClient.csproj", "{CEA1BDB5-41D4-4005-B565-9595EAFD6BDE}"
EndProject
Project("{FAE04EC0-301F-11D3-BF4B-00C04F79EFBC}") = "LibrettoInvoice", "LibrettoInvoice\LibrettoInvoice.csproj", "{497BDF60-7C4F-4E84-BB86-077130232B78}"
EndProject
Global
	GlobalSection(SolutionConfigurationPlatforms) = preSolution
		Debug|Any CPU = Debug|Any CPU
		Release|Any CPU = Release|Any CPU
	EndGlobalSection
	GlobalSection(ProjectConfigurationPlatforms) = postSolution
		{CF64510B-78EC-4D27-BADF-65D9C392C7BB}.Debug|Any CPU.ActiveCfg = Debug|Any CPU
		{CF64510B-78EC-4D27-BADF-65D9C392C7BB}.Debug|Any CPU.Build.0 = Debug|Any CPU
		{CF64510B-78EC-4D27-BADF-65D9C392C7BB}.Release|Any CPU.ActiveCfg = Release|Any CPU
		{CF64510B-78EC-4D27-BADF-65D9C392C7BB}.Release|Any CPU.Build.0 = Release|Any CPU
		{589A4746-AA39-4E0E-8AAA-433724869A66}.Debug|Any CPU.ActiveCfg = Debug|Any CPU
		{589A4746-AA39-4E0E-8AAA-433724869A66}.Debug|Any CPU.Build.0 = Debug|Any CPU
		{589A4746-AA39-4E0E-8AAA-433724869A66}.Release|Any CPU.ActiveCfg = Release|Any CPU
		{589A4746-AA39-4E0E-8AAA-433724869A66}.Release|Any CPU.Build.0 = Release|Any CPU
		{CEA1BDB5-41D4-4005-B565-9595EAFD6BDE}.Debug|Any CPU.ActiveCfg = Debug|Any CPU
		{CEA1BDB5-41D4-4005-B565-9595EAFD6BDE}.Debug|Any CPU.Build.0 = Debug|Any CPU
		{CEA1BDB5-41D4-4005-B565-9595EAFD6BDE}.Release|Any CPU.ActiveCfg = Release|Any CPU
		{CEA1BDB5-41D4-4005-B565-9595EAFD6BDE}.Release|Any CPU.Build.0 = Release|Any CPU
		{497BDF60-7C4F-4E84-BB86-077130232B78}.Debug|Any CPU.ActiveCfg = Debug|Any CPU
		{497BDF60-7C4F-4E84-BB86-077130232B78}.Debug|Any CPU.Build.0 = Debug|Any CPU
		{497BDF60-7C4F-4E84-BB86-077130232B78}.Release|Any CPU.ActiveCfg = Release|Any CPU
		{497BDF60-7C4F-4E84-BB86-077130232B78}.Release|Any CPU.Build.0 = Release|Any CPU
	EndGlobalSection
	GlobalSection(SolutionProperties) = preSolution
		HideSolutionNode = FALSE
	EndGlobalSection
EndGlobal
