
Microsoft Visual Studio Solution File, Format Version 12.00
# Visual Studio 14
VisualStudioVersion = 14.0.24720.0
MinimumVisualStudioVersion = 10.0.40219.1
Project("{FAE04EC0-301F-11D3-BF4B-00C04F79EFBC}") = "ChatServer", "TDIN_TP1\ChatServer.csproj", "{C96DF0A9-D6BB-422B-BCD1-A3D8101B443C}"
EndProject
Project("{FAE04EC0-301F-11D3-BF4B-00C04F79EFBC}") = "ChatClient", "ChatClient\ChatClient.csproj", "{7B276E6D-CC0A-44B9-9522-92C933C7536F}"
EndProject
Project("{FAE04EC0-301F-11D3-BF4B-00C04F79EFBC}") = "Common", "Common\Common.csproj", "{6E856222-F3BB-4D1A-9775-0CD7D0975C54}"
EndProject
Global
	GlobalSection(SolutionConfigurationPlatforms) = preSolution
		Debug|Any CPU = Debug|Any CPU
		Release|Any CPU = Release|Any CPU
	EndGlobalSection
	GlobalSection(ProjectConfigurationPlatforms) = postSolution
		{C96DF0A9-D6BB-422B-BCD1-A3D8101B443C}.Debug|Any CPU.ActiveCfg = Debug|Any CPU
		{C96DF0A9-D6BB-422B-BCD1-A3D8101B443C}.Debug|Any CPU.Build.0 = Debug|Any CPU
		{C96DF0A9-D6BB-422B-BCD1-A3D8101B443C}.Release|Any CPU.ActiveCfg = Release|Any CPU
		{C96DF0A9-D6BB-422B-BCD1-A3D8101B443C}.Release|Any CPU.Build.0 = Release|Any CPU
		{7B276E6D-CC0A-44B9-9522-92C933C7536F}.Debug|Any CPU.ActiveCfg = Debug|Any CPU
		{7B276E6D-CC0A-44B9-9522-92C933C7536F}.Debug|Any CPU.Build.0 = Debug|Any CPU
		{7B276E6D-CC0A-44B9-9522-92C933C7536F}.Release|Any CPU.ActiveCfg = Release|Any CPU
		{7B276E6D-CC0A-44B9-9522-92C933C7536F}.Release|Any CPU.Build.0 = Release|Any CPU
		{6E856222-F3BB-4D1A-9775-0CD7D0975C54}.Debug|Any CPU.ActiveCfg = Debug|Any CPU
		{6E856222-F3BB-4D1A-9775-0CD7D0975C54}.Debug|Any CPU.Build.0 = Debug|Any CPU
		{6E856222-F3BB-4D1A-9775-0CD7D0975C54}.Release|Any CPU.ActiveCfg = Release|Any CPU
		{6E856222-F3BB-4D1A-9775-0CD7D0975C54}.Release|Any CPU.Build.0 = Release|Any CPU
	EndGlobalSection
	GlobalSection(SolutionProperties) = preSolution
		HideSolutionNode = FALSE
	EndGlobalSection
EndGlobal
